// !$*UTF8*$!
{
	archiveVersion = 1;
	classes = {
	};
	objectVersion = 50;
	objects = {

/* Begin PBXBuildFile section */
		1214AB6E25AC8A2F00C34387 /* AppDelegate.swift in Sources */ = {isa = PBXBuildFile; fileRef = 1214AB6D25AC8A2F00C34387 /* AppDelegate.swift */; };
		1214AB7025AC8A2F00C34387 /* SceneDelegate.swift in Sources */ = {isa = PBXBuildFile; fileRef = 1214AB6F25AC8A2F00C34387 /* SceneDelegate.swift */; };
		1214AB7525AC8A2F00C34387 /* Main.storyboard in Resources */ = {isa = PBXBuildFile; fileRef = 1214AB7325AC8A2F00C34387 /* Main.storyboard */; };
		1214AB7725AC8A3600C34387 /* Assets.xcassets in Resources */ = {isa = PBXBuildFile; fileRef = 1214AB7625AC8A3600C34387 /* Assets.xcassets */; };
		1214AB7A25AC8A3600C34387 /* LaunchScreen.storyboard in Resources */ = {isa = PBXBuildFile; fileRef = 1214AB7825AC8A3600C34387 /* LaunchScreen.storyboard */; };
		1214AB8525AC8A3600C34387 /* flixterTests.swift in Sources */ = {isa = PBXBuildFile; fileRef = 1214AB8425AC8A3600C34387 /* flixterTests.swift */; };
		1214AB9025AC8A3700C34387 /* flixterUITests.swift in Sources */ = {isa = PBXBuildFile; fileRef = 1214AB8F25AC8A3700C34387 /* flixterUITests.swift */; };
		1214ABA425AC8CA000C34387 /* MoviesViewController.swift in Sources */ = {isa = PBXBuildFile; fileRef = 1214ABA325AC8CA000C34387 /* MoviesViewController.swift */; };
		1214ABB425AC9CD500C34387 /* MovieCell.swift in Sources */ = {isa = PBXBuildFile; fileRef = 1214ABB325AC9CD500C34387 /* MovieCell.swift */; };
/* End PBXBuildFile section */

/* Begin PBXContainerItemProxy section */
		1214AB8125AC8A3600C34387 /* PBXContainerItemProxy */ = {
			isa = PBXContainerItemProxy;
			containerPortal = 1214AB6225AC8A2F00C34387 /* Project object */;
			proxyType = 1;
			remoteGlobalIDString = 1214AB6925AC8A2F00C34387;
			remoteInfo = flixter;
		};
		1214AB8C25AC8A3700C34387 /* PBXContainerItemProxy */ = {
			isa = PBXContainerItemProxy;
			containerPortal = 1214AB6225AC8A2F00C34387 /* Project object */;
			proxyType = 1;
			remoteGlobalIDString = 1214AB6925AC8A2F00C34387;
			remoteInfo = flixter;
		};
/* End PBXContainerItemProxy section */

/* Begin PBXFileReference section */
		1214AB6A25AC8A2F00C34387 /* flixter.app */ = {isa = PBXFileReference; explicitFileType = wrapper.application; includeInIndex = 0; path = flixter.app; sourceTree = BUILT_PRODUCTS_DIR; };
		1214AB6D25AC8A2F00C34387 /* AppDelegate.swift */ = {isa = PBXFileReference; lastKnownFileType = sourcecode.swift; path = AppDelegate.swift; sourceTree = "<group>"; };
		1214AB6F25AC8A2F00C34387 /* SceneDelegate.swift */ = {isa = PBXFileReference; lastKnownFileType = sourcecode.swift; path = SceneDelegate.swift; sourceTree = "<group>"; };
		1214AB7425AC8A2F00C34387 /* Base */ = {isa = PBXFileReference; lastKnownFileType = file.storyboard; name = Base; path = Base.lproj/Main.storyboard; sourceTree = "<group>"; };
		1214AB7625AC8A3600C34387 /* Assets.xcassets */ = {isa = PBXFileReference; lastKnownFileType = folder.assetcatalog; path = Assets.xcassets; sourceTree = "<group>"; };
		1214AB7925AC8A3600C34387 /* Base */ = {isa = PBXFileReference; lastKnownFileType = file.storyboard; name = Base; path = Base.lproj/LaunchScreen.storyboard; sourceTree = "<group>"; };
		1214AB7B25AC8A3600C34387 /* Info.plist */ = {isa = PBXFileReference; lastKnownFileType = text.plist.xml; path = Info.plist; sourceTree = "<group>"; };
		1214AB8025AC8A3600C34387 /* flixterTests.xctest */ = {isa = PBXFileReference; explicitFileType = wrapper.cfbundle; includeInIndex = 0; path = flixterTests.xctest; sourceTree = BUILT_PRODUCTS_DIR; };
		1214AB8425AC8A3600C34387 /* flixterTests.swift */ = {isa = PBXFileReference; lastKnownFileType = sourcecode.swift; path = flixterTests.swift; sourceTree = "<group>"; };
		1214AB8625AC8A3600C34387 /* Info.plist */ = {isa = PBXFileReference; lastKnownFileType = text.plist.xml; path = Info.plist; sourceTree = "<group>"; };
		1214AB8B25AC8A3700C34387 /* flixterUITests.xctest */ = {isa = PBXFileReference; explicitFileType = wrapper.cfbundle; includeInIndex = 0; path = flixterUITests.xctest; sourceTree = BUILT_PRODUCTS_DIR; };
		1214AB8F25AC8A3700C34387 /* flixterUITests.swift */ = {isa = PBXFileReference; lastKnownFileType = sourcecode.swift; path = flixterUITests.swift; sourceTree = "<group>"; };
		1214AB9125AC8A3700C34387 /* Info.plist */ = {isa = PBXFileReference; lastKnownFileType = text.plist.xml; path = Info.plist; sourceTree = "<group>"; };
		1214ABA325AC8CA000C34387 /* MoviesViewController.swift */ = {isa = PBXFileReference; lastKnownFileType = sourcecode.swift; path = MoviesViewController.swift; sourceTree = "<group>"; };
		1214ABB325AC9CD500C34387 /* MovieCell.swift */ = {isa = PBXFileReference; lastKnownFileType = sourcecode.swift; path = MovieCell.swift; sourceTree = "<group>"; };
/* End PBXFileReference section */

/* Begin PBXFrameworksBuildPhase section */
		1214AB6725AC8A2F00C34387 /* Frameworks */ = {
			isa = PBXFrameworksBuildPhase;
			buildActionMask = 2147483647;
			files = (
			);
			runOnlyForDeploymentPostprocessing = 0;
		};
		1214AB7D25AC8A3600C34387 /* Frameworks */ = {
			isa = PBXFrameworksBuildPhase;
			buildActionMask = 2147483647;
			files = (
			);
			runOnlyForDeploymentPostprocessing = 0;
		};
		1214AB8825AC8A3700C34387 /* Frameworks */ = {
			isa = PBXFrameworksBuildPhase;
			buildActionMask = 2147483647;
			files = (
			);
			runOnlyForDeploymentPostprocessing = 0;
		};
/* End PBXFrameworksBuildPhase section */

/* Begin PBXGroup section */
		1214AB6125AC8A2F00C34387 = {
			isa = PBXGroup;
			children = (
				1214AB6C25AC8A2F00C34387 /* flixter */,
				1214AB8325AC8A3600C34387 /* flixterTests */,
				1214AB8E25AC8A3700C34387 /* flixterUITests */,
				1214AB6B25AC8A2F00C34387 /* Products */,
			);
			sourceTree = "<group>";
		};
		1214AB6B25AC8A2F00C34387 /* Products */ = {
			isa = PBXGroup;
			children = (
				1214AB6A25AC8A2F00C34387 /* flixter.app */,
				1214AB8025AC8A3600C34387 /* flixterTests.xctest */,
				1214AB8B25AC8A3700C34387 /* flixterUITests.xctest */,
			);
			name = Products;
			sourceTree = "<group>";
		};
		1214AB6C25AC8A2F00C34387 /* flixter */ = {
			isa = PBXGroup;
			children = (
				1214AB6D25AC8A2F00C34387 /* AppDelegate.swift */,
				1214ABA325AC8CA000C34387 /* MoviesViewController.swift */,
				1214AB6F25AC8A2F00C34387 /* SceneDelegate.swift */,
				1214AB7325AC8A2F00C34387 /* Main.storyboard */,
				1214ABB325AC9CD500C34387 /* MovieCell.swift */,
				1214AB7625AC8A3600C34387 /* Assets.xcassets */,
				1214AB7825AC8A3600C34387 /* LaunchScreen.storyboard */,
				1214AB7B25AC8A3600C34387 /* Info.plist */,
			);
			path = flixter;
			sourceTree = "<group>";
		};
		1214AB8325AC8A3600C34387 /* flixterTests */ = {
			isa = PBXGroup;
			children = (
				1214AB8425AC8A3600C34387 /* flixterTests.swift */,
				1214AB8625AC8A3600C34387 /* Info.plist */,
			);
			path = flixterTests;
			sourceTree = "<group>";
		};
		1214AB8E25AC8A3700C34387 /* flixterUITests */ = {
			isa = PBXGroup;
			children = (
				1214AB8F25AC8A3700C34387 /* flixterUITests.swift */,
				1214AB9125AC8A3700C34387 /* Info.plist */,
			);
			path = flixterUITests;
			sourceTree = "<group>";
		};
/* End PBXGroup section */

/* Begin PBXNativeTarget section */
		1214AB6925AC8A2F00C34387 /* flixter */ = {
			isa = PBXNativeTarget;
			buildConfigurationList = 1214AB9425AC8A3700C34387 /* Build configuration list for PBXNativeTarget "flixter" */;
			buildPhases = (
				1214AB6625AC8A2F00C34387 /* Sources */,
				1214AB6725AC8A2F00C34387 /* Frameworks */,
				1214AB6825AC8A2F00C34387 /* Resources */,
			);
			buildRules = (
			);
			dependencies = (
			);
			name = flixter;
			productName = flixter;
			productReference = 1214AB6A25AC8A2F00C34387 /* flixter.app */;
			productType = "com.apple.product-type.application";
		};
		1214AB7F25AC8A3600C34387 /* flixterTests */ = {
			isa = PBXNativeTarget;
			buildConfigurationList = 1214AB9725AC8A3700C34387 /* Build configuration list for PBXNativeTarget "flixterTests" */;
			buildPhases = (
				1214AB7C25AC8A3600C34387 /* Sources */,
				1214AB7D25AC8A3600C34387 /* Frameworks */,
				1214AB7E25AC8A3600C34387 /* Resources */,
			);
			buildRules = (
			);
			dependencies = (
				1214AB8225AC8A3600C34387 /* PBXTargetDependency */,
			);
			name = flixterTests;
			productName = flixterTests;
			productReference = 1214AB8025AC8A3600C34387 /* flixterTests.xctest */;
			productType = "com.apple.product-type.bundle.unit-test";
		};
		1214AB8A25AC8A3700C34387 /* flixterUITests */ = {
			isa = PBXNativeTarget;
			buildConfigurationList = 1214AB9A25AC8A3700C34387 /* Build configuration list for PBXNativeTarget "flixterUITests" */;
			buildPhases = (
				1214AB8725AC8A3700C34387 /* Sources */,
				1214AB8825AC8A3700C34387 /* Frameworks */,
				1214AB8925AC8A3700C34387 /* Resources */,
			);
			buildRules = (
			);
			dependencies = (
				1214AB8D25AC8A3700C34387 /* PBXTargetDependency */,
			);
			name = flixterUITests;
			productName = flixterUITests;
			productReference = 1214AB8B25AC8A3700C34387 /* flixterUITests.xctest */;
			productType = "com.apple.product-type.bundle.ui-testing";
		};
/* End PBXNativeTarget section */

/* Begin PBXProject section */
		1214AB6225AC8A2F00C34387 /* Project object */ = {
			isa = PBXProject;
			attributes = {
				LastSwiftUpdateCheck = 1230;
				LastUpgradeCheck = 1230;
				TargetAttributes = {
					1214AB6925AC8A2F00C34387 = {
						CreatedOnToolsVersion = 12.3;
					};
					1214AB7F25AC8A3600C34387 = {
						CreatedOnToolsVersion = 12.3;
						TestTargetID = 1214AB6925AC8A2F00C34387;
					};
					1214AB8A25AC8A3700C34387 = {
						CreatedOnToolsVersion = 12.3;
						TestTargetID = 1214AB6925AC8A2F00C34387;
					};
				};
			};
			buildConfigurationList = 1214AB6525AC8A2F00C34387 /* Build configuration list for PBXProject "flixter" */;
			compatibilityVersion = "Xcode 9.3";
			developmentRegion = en;
			hasScannedForEncodings = 0;
			knownRegions = (
				en,
				Base,
			);
			mainGroup = 1214AB6125AC8A2F00C34387;
			productRefGroup = 1214AB6B25AC8A2F00C34387 /* Products */;
			projectDirPath = "";
			projectRoot = "";
			targets = (
				1214AB6925AC8A2F00C34387 /* flixter */,
				1214AB7F25AC8A3600C34387 /* flixterTests */,
				1214AB8A25AC8A3700C34387 /* flixterUITests */,
			);
		};
/* End PBXProject section */

/* Begin PBXResourcesBuildPhase section */
		1214AB6825AC8A2F00C34387 /* Resources */ = {
			isa = PBXResourcesBuildPhase;
			buildActionMask = 2147483647;
			files = (
				1214AB7A25AC8A3600C34387 /* LaunchScreen.storyboard in Resources */,
				1214AB7725AC8A3600C34387 /* Assets.xcassets in Resources */,
				1214AB7525AC8A2F00C34387 /* Main.storyboard in Resources */,
			);
			runOnlyForDeploymentPostprocessing = 0;
		};
		1214AB7E25AC8A3600C34387 /* Resources */ = {
			isa = PBXResourcesBuildPhase;
			buildActionMask = 2147483647;
			files = (
			);
			runOnlyForDeploymentPostprocessing = 0;
		};
		1214AB8925AC8A3700C34387 /* Resources */ = {
			isa = PBXResourcesBuildPhase;
			buildActionMask = 2147483647;
			files = (
			);
			runOnlyForDeploymentPostprocessing = 0;
		};
/* End PBXResourcesBuildPhase section */

/* Begin PBXSourcesBuildPhase section */
		1214AB6625AC8A2F00C34387 /* Sources */ = {
			isa = PBXSourcesBuildPhase;
			buildActionMask = 2147483647;
			files = (
				1214AB6E25AC8A2F00C34387 /* AppDelegate.swift in Sources */,
				1214AB7025AC8A2F00C34387 /* SceneDelegate.swift in Sources */,
				1214ABB425AC9CD500C34387 /* MovieCell.swift in Sources */,
				1214ABA425AC8CA000C34387 /* MoviesViewController.swift in Sources */,
			);
			runOnlyForDeploymentPostprocessing = 0;
		};
		1214AB7C25AC8A3600C34387 /* Sources */ = {
			isa = PBXSourcesBuildPhase;
			buildActionMask = 2147483647;
			files = (
				1214AB8525AC8A3600C34387 /* flixterTests.swift in Sources */,
			);
			runOnlyForDeploymentPostprocessing = 0;
		};
		1214AB8725AC8A3700C34387 /* Sources */ = {
			isa = PBXSourcesBuildPhase;
			buildActionMask = 2147483647;
			files = (
				1214AB9025AC8A3700C34387 /* flixterUITests.swift in Sources */,
			);
			runOnlyForDeploymentPostprocessing = 0;
		};
/* End PBXSourcesBuildPhase section */

/* Begin PBXTargetDependency section */
		1214AB8225AC8A3600C34387 /* PBXTargetDependency */ = {
			isa = PBXTargetDependency;
			target = 1214AB6925AC8A2F00C34387 /* flixter */;
			targetProxy = 1214AB8125AC8A3600C34387 /* PBXContainerItemProxy */;
		};
		1214AB8D25AC8A3700C34387 /* PBXTargetDependency */ = {
			isa = PBXTargetDependency;
			target = 1214AB6925AC8A2F00C34387 /* flixter */;
			targetProxy = 1214AB8C25AC8A3700C34387 /* PBXContainerItemProxy */;
		};
/* End PBXTargetDependency section */

/* Begin PBXVariantGroup section */
		1214AB7325AC8A2F00C34387 /* Main.storyboard */ = {
			isa = PBXVariantGroup;
			children = (
				1214AB7425AC8A2F00C34387 /* Base */,
			);
			name = Main.storyboard;
			sourceTree = "<group>";
		};
		1214AB7825AC8A3600C34387 /* LaunchScreen.storyboard */ = {
			isa = PBXVariantGroup;
			children = (
				1214AB7925AC8A3600C34387 /* Base */,
			);
			name = LaunchScreen.storyboard;
			sourceTree = "<group>";
		};
/* End PBXVariantGroup section */

/* Begin XCBuildConfiguration section */
		1214AB9225AC8A3700C34387 /* Debug */ = {
			isa = XCBuildConfiguration;
			buildSettings = {
				ALWAYS_SEARCH_USER_PATHS = NO;
				CLANG_ANALYZER_NONNULL = YES;
				CLANG_ANALYZER_NUMBER_OBJECT_CONVERSION = YES_AGGRESSIVE;
				CLANG_CXX_LANGUAGE_STANDARD = "gnu++14";
				CLANG_CXX_LIBRARY = "libc++";
				CLANG_ENABLE_MODULES = YES;
				CLANG_ENABLE_OBJC_ARC = YES;
				CLANG_ENABLE_OBJC_WEAK = YES;
				CLANG_WARN_BLOCK_CAPTURE_AUTORELEASING = YES;
				CLANG_WARN_BOOL_CONVERSION = YES;
				CLANG_WARN_COMMA = YES;
				CLANG_WARN_CONSTANT_CONVERSION = YES;
				CLANG_WARN_DEPRECATED_OBJC_IMPLEMENTATIONS = YES;
				CLANG_WARN_DIRECT_OBJC_ISA_USAGE = YES_ERROR;
				CLANG_WARN_DOCUMENTATION_COMMENTS = YES;
				CLANG_WARN_EMPTY_BODY = YES;
				CLANG_WARN_ENUM_CONVERSION = YES;
				CLANG_WARN_INFINITE_RECURSION = YES;
				CLANG_WARN_INT_CONVERSION = YES;
				CLANG_WARN_NON_LITERAL_NULL_CONVERSION = YES;
				CLANG_WARN_OBJC_IMPLICIT_RETAIN_SELF = YES;
				CLANG_WARN_OBJC_LITERAL_CONVERSION = YES;
				CLANG_WARN_OBJC_ROOT_CLASS = YES_ERROR;
				CLANG_WARN_QUOTED_INCLUDE_IN_FRAMEWORK_HEADER = YES;
				CLANG_WARN_RANGE_LOOP_ANALYSIS = YES;
				CLANG_WARN_STRICT_PROTOTYPES = YES;
				CLANG_WARN_SUSPICIOUS_MOVE = YES;
				CLANG_WARN_UNGUARDED_AVAILABILITY = YES_AGGRESSIVE;
				CLANG_WARN_UNREACHABLE_CODE = YES;
				CLANG_WARN__DUPLICATE_METHOD_MATCH = YES;
				COPY_PHASE_STRIP = NO;
				DEBUG_INFORMATION_FORMAT = dwarf;
				ENABLE_STRICT_OBJC_MSGSEND = YES;
				ENABLE_TESTABILITY = YES;
				GCC_C_LANGUAGE_STANDARD = gnu11;
				GCC_DYNAMIC_NO_PIC = NO;
				GCC_NO_COMMON_BLOCKS = YES;
				GCC_OPTIMIZATION_LEVEL = 0;
				GCC_PREPROCESSOR_DEFINITIONS = (
					"DEBUG=1",
					"$(inherited)",
				);
				GCC_WARN_64_TO_32_BIT_CONVERSION = YES;
				GCC_WARN_ABOUT_RETURN_TYPE = YES_ERROR;
				GCC_WARN_UNDECLARED_SELECTOR = YES;
				GCC_WARN_UNINITIALIZED_AUTOS = YES_AGGRESSIVE;
				GCC_WARN_UNUSED_FUNCTION = YES;
				GCC_WARN_UNUSED_VARIABLE = YES;
				IPHONEOS_DEPLOYMENT_TARGET = 14.3;
				MTL_ENABLE_DEBUG_INFO = INCLUDE_SOURCE;
				MTL_FAST_MATH = YES;
				ONLY_ACTIVE_ARCH = YES;
				SDKROOT = iphoneos;
				SWIFT_ACTIVE_COMPILATION_CONDITIONS = DEBUG;
				SWIFT_OPTIMIZATION_LEVEL = "-Onone";
			};
			name = Debug;
		};
		1214AB9325AC8A3700C34387 /* Release */ = {
			isa = XCBuildConfiguration;
			buildSettings = {
				ALWAYS_SEARCH_USER_PATHS = NO;
				CLANG_ANALYZER_NONNULL = YES;
				CLANG_ANALYZER_NUMBER_OBJECT_CONVERSION = YES_AGGRESSIVE;
				CLANG_CXX_LANGUAGE_STANDARD = "gnu++14";
				CLANG_CXX_LIBRARY = "libc++";
				CLANG_ENABLE_MODULES = YES;
				CLANG_ENABLE_OBJC_ARC = YES;
				CLANG_ENABLE_OBJC_WEAK = YES;
				CLANG_WARN_BLOCK_CAPTURE_AUTORELEASING = YES;
				CLANG_WARN_BOOL_CONVERSION = YES;
				CLANG_WARN_COMMA = YES;
				CLANG_WARN_CONSTANT_CONVERSION = YES;
				CLANG_WARN_DEPRECATED_OBJC_IMPLEMENTATIONS = YES;
				CLANG_WARN_DIRECT_OBJC_ISA_USAGE = YES_ERROR;
				CLANG_WARN_DOCUMENTATION_COMMENTS = YES;
				CLANG_WARN_EMPTY_BODY = YES;
				CLANG_WARN_ENUM_CONVERSION = YES;
				CLANG_WARN_INFINITE_RECURSION = YES;
				CLANG_WARN_INT_CONVERSION = YES;
				CLANG_WARN_NON_LITERAL_NULL_CONVERSION = YES;
				CLANG_WARN_OBJC_IMPLICIT_RETAIN_SELF = YES;
				CLANG_WARN_OBJC_LITERAL_CONVERSION = YES;
				CLANG_WARN_OBJC_ROOT_CLASS = YES_ERROR;
				CLANG_WARN_QUOTED_INCLUDE_IN_FRAMEWORK_HEADER = YES;
				CLANG_WARN_RANGE_LOOP_ANALYSIS = YES;
				CLANG_WARN_STRICT_PROTOTYPES = YES;
				CLANG_WARN_SUSPICIOUS_MOVE = YES;
				CLANG_WARN_UNGUARDED_AVAILABILITY = YES_AGGRESSIVE;
				CLANG_WARN_UNREACHABLE_CODE = YES;
				CLANG_WARN__DUPLICATE_METHOD_MATCH = YES;
				COPY_PHASE_STRIP = NO;
				DEBUG_INFORMATION_FORMAT = "dwarf-with-dsym";
				ENABLE_NS_ASSERTIONS = NO;
				ENABLE_STRICT_OBJC_MSGSEND = YES;
				GCC_C_LANGUAGE_STANDARD = gnu11;
				GCC_NO_COMMON_BLOCKS = YES;
				GCC_WARN_64_TO_32_BIT_CONVERSION = YES;
				GCC_WARN_ABOUT_RETURN_TYPE = YES_ERROR;
				GCC_WARN_UNDECLARED_SELECTOR = YES;
				GCC_WARN_UNINITIALIZED_AUTOS = YES_AGGRESSIVE;
				GCC_WARN_UNUSED_FUNCTION = YES;
				GCC_WARN_UNUSED_VARIABLE = YES;
				IPHONEOS_DEPLOYMENT_TARGET = 14.3;
				MTL_ENABLE_DEBUG_INFO = NO;
				MTL_FAST_MATH = YES;
				SDKROOT = iphoneos;
				SWIFT_COMPILATION_MODE = wholemodule;
				SWIFT_OPTIMIZATION_LEVEL = "-O";
				VALIDATE_PRODUCT = YES;
			};
			name = Release;
		};
		1214AB9525AC8A3700C34387 /* Debug */ = {
			isa = XCBuildConfiguration;
			buildSettings = {
				ASSETCATALOG_COMPILER_APPICON_NAME = AppIcon;
				ASSETCATALOG_COMPILER_GLOBAL_ACCENT_COLOR_NAME = AccentColor;
				CODE_SIGN_STYLE = Automatic;
				INFOPLIST_FILE = flixter/Info.plist;
				LD_RUNPATH_SEARCH_PATHS = (
					"$(inherited)",
					"@executable_path/Frameworks",
				);
				PRODUCT_BUNDLE_IDENTIFIER = com.ksuzuki.flixter;
				PRODUCT_NAME = "$(TARGET_NAME)";
				SWIFT_VERSION = 5.0;
				TARGETED_DEVICE_FAMILY = "1,2";
			};
			name = Debug;
		};
		1214AB9625AC8A3700C34387 /* Release */ = {
			isa = XCBuildConfiguration;
			buildSettings = {
				ASSETCATALOG_COMPILER_APPICON_NAME = AppIcon;
				ASSETCATALOG_COMPILER_GLOBAL_ACCENT_COLOR_NAME = AccentColor;
				CODE_SIGN_STYLE = Automatic;
				INFOPLIST_FILE = flixter/Info.plist;
				LD_RUNPATH_SEARCH_PATHS = (
					"$(inherited)",
					"@executable_path/Frameworks",
				);
				PRODUCT_BUNDLE_IDENTIFIER = com.ksuzuki.flixter;
				PRODUCT_NAME = "$(TARGET_NAME)";
				SWIFT_VERSION = 5.0;
				TARGETED_DEVICE_FAMILY = "1,2";
			};
			name = Release;
		};
		1214AB9825AC8A3700C34387 /* Debug */ = {
			isa = XCBuildConfiguration;
			buildSettings = {
				ALWAYS_EMBED_SWIFT_STANDARD_LIBRARIES = YES;
				BUNDLE_LOADER = "$(TEST_HOST)";
				CODE_SIGN_STYLE = Automatic;
				INFOPLIST_FILE = flixterTests/Info.plist;
				IPHONEOS_DEPLOYMENT_TARGET = 14.3;
				LD_RUNPATH_SEARCH_PATHS = (
					"$(inherited)",
					"@executable_path/Frameworks",
					"@loader_path/Frameworks",
				);
				PRODUCT_BUNDLE_IDENTIFIER = com.ksuzuki.flixterTests;
				PRODUCT_NAME = "$(TARGET_NAME)";
				SWIFT_VERSION = 5.0;
				TARGETED_DEVICE_FAMILY = "1,2";
				TEST_HOST = "$(BUILT_PRODUCTS_DIR)/flixter.app/flixter";
			};
			name = Debug;
		};
		1214AB9925AC8A3700C34387 /* Release */ = {
			isa = XCBuildConfiguration;
			buildSettings = {
				ALWAYS_EMBED_SWIFT_STANDARD_LIBRARIES = YES;
				BUNDLE_LOADER = "$(TEST_HOST)";
				CODE_SIGN_STYLE = Automatic;
				INFOPLIST_FILE = flixterTests/Info.plist;
				IPHONEOS_DEPLOYMENT_TARGET = 14.3;
				LD_RUNPATH_SEARCH_PATHS = (
					"$(inherited)",
					"@executable_path/Frameworks",
					"@loader_path/Frameworks",
				);
				PRODUCT_BUNDLE_IDENTIFIER = com.ksuzuki.flixterTests;
				PRODUCT_NAME = "$(TARGET_NAME)";
				SWIFT_VERSION = 5.0;
				TARGETED_DEVICE_FAMILY = "1,2";
				TEST_HOST = "$(BUILT_PRODUCTS_DIR)/flixter.app/flixter";
			};
			name = Release;
		};
		1214AB9B25AC8A3700C34387 /* Debug */ = {
			isa = XCBuildConfiguration;
			buildSettings = {
				ALWAYS_EMBED_SWIFT_STANDARD_LIBRARIES = YES;
				CODE_SIGN_STYLE = Automatic;
				INFOPLIST_FILE = flixterUITests/Info.plist;
				LD_RUNPATH_SEARCH_PATHS = (
					"$(inherited)",
					"@executable_path/Frameworks",
					"@loader_path/Frameworks",
				);
				PRODUCT_BUNDLE_IDENTIFIER = com.ksuzuki.flixterUITests;
				PRODUCT_NAME = "$(TARGET_NAME)";
				SWIFT_VERSION = 5.0;
				TARGETED_DEVICE_FAMILY = "1,2";
				TEST_TARGET_NAME = flixter;
			};
			name = Debug;
		};
		1214AB9C25AC8A3700C34387 /* Release */ = {
			isa = XCBuildConfiguration;
			buildSettings = {
				ALWAYS_EMBED_SWIFT_STANDARD_LIBRARIES = YES;
				CODE_SIGN_STYLE = Automatic;
				INFOPLIST_FILE = flixterUITests/Info.plist;
				LD_RUNPATH_SEARCH_PATHS = (
					"$(inherited)",
					"@executable_path/Frameworks",
					"@loader_path/Frameworks",
				);
				PRODUCT_BUNDLE_IDENTIFIER = com.ksuzuki.flixterUITests;
				PRODUCT_NAME = "$(TARGET_NAME)";
				SWIFT_VERSION = 5.0;
				TARGETED_DEVICE_FAMILY = "1,2";
				TEST_TARGET_NAME = flixter;
			};
			name = Release;
		};
/* End XCBuildConfiguration section */

/* Begin XCConfigurationList section */
		1214AB6525AC8A2F00C34387 /* Build configuration list for PBXProject "flixter" */ = {
			isa = XCConfigurationList;
			buildConfigurations = (
				1214AB9225AC8A3700C34387 /* Debug */,
				1214AB9325AC8A3700C34387 /* Release */,
			);
			defaultConfigurationIsVisible = 0;
			defaultConfigurationName = Release;
		};
		1214AB9425AC8A3700C34387 /* Build configuration list for PBXNativeTarget "flixter" */ = {
			isa = XCConfigurationList;
			buildConfigurations = (
				1214AB9525AC8A3700C34387 /* Debug */,
				1214AB9625AC8A3700C34387 /* Release */,
			);
			defaultConfigurationIsVisible = 0;
			defaultConfigurationName = Release;
		};
		1214AB9725AC8A3700C34387 /* Build configuration list for PBXNativeTarget "flixterTests" */ = {
			isa = XCConfigurationList;
			buildConfigurations = (
				1214AB9825AC8A3700C34387 /* Debug */,
				1214AB9925AC8A3700C34387 /* Release */,
			);
			defaultConfigurationIsVisible = 0;
			defaultConfigurationName = Release;
		};
		1214AB9A25AC8A3700C34387 /* Build configuration list for PBXNativeTarget "flixterUITests" */ = {
			isa = XCConfigurationList;
			buildConfigurations = (
				1214AB9B25AC8A3700C34387 /* Debug */,
				1214AB9C25AC8A3700C34387 /* Release */,
			);
			defaultConfigurationIsVisible = 0;
			defaultConfigurationName = Release;
		};
/* End XCConfigurationList section */
	};
	rootObject = 1214AB6225AC8A2F00C34387 /* Project object */;
}
